{
  "name": "mulmo",
  "version": "1.0.0",
  "lockfileVersion": 3,
  "requires": true,
  "packages": {
    "": {
      "name": "mulmo",
      "version": "1.0.0",
      "license": "MPL-2.0",
      "workspaces": [
        "lib/getRandomEmoji",
        "custom-elements/random-emojifier"
      ]
    },
    "custom-elements/random-emojifier": {
      "version": "1.0.0",
      "license": "MPL-2.0",
      "devDependencies": {}
    },
    "lib/getRandomEmoji": {
      "name": "getrandomemoji",
      "version": "1.0.0",
      "license": "MPL-2.0"
    },
    "node_modules/getrandomemoji": {
      "resolved": "lib/getRandomEmoji",
      "link": true
    },
    "node_modules/random-emojifier": {
      "resolved": "custom-elements/random-emojifier",
      "link": true
    }
  }
}
